
Microsoft Visual Studio Solution File, Format Version 12.00
# Visual Studio 15
VisualStudioVersion = 15.0.27703.2035
MinimumVisualStudioVersion = 10.0.40219.1
Project("{FAE04EC0-301F-11D3-BF4B-00C04F79EFBC}") = "GreenLock", "GreenLock\GreenLock.csproj", "{C6C12767-ED9D-48B0-94F1-07B5C63937CA}"
EndProject
Project("{FAE04EC0-301F-11D3-BF4B-00C04F79EFBC}") = "ClientUpdater", "ClientUpdater\ClientUpdater.csproj", "{91825A62-676A-4ACA-95D6-5B61D71B455B}"
EndProject
Project("{FAE04EC0-301F-11D3-BF4B-00C04F79EFBC}") = "DeviceAgents", "DeviceAgents\DeviceAgents.csproj", "{7E97CD59-6EB0-4C59-B436-9A92ECC6B6C6}"
EndProject
Project("{FAE04EC0-301F-11D3-BF4B-00C04F79EFBC}") = "EnergySolutions", "EnergySolutions\EnergySolutions.csproj", "{F9178BE8-E8E3-4A56-A1D7-8E846B980643}"
EndProject
Project("{54435603-DBB4-11D2-8724-00A0C9A8B90C}") = "GreenLock_nnv", "GreenLock_nnv\GreenLock_nnv.vdproj", "{A61D89F6-F769-4F03-A758-229D1277786F}"
EndProject
Project("{FAE04EC0-301F-11D3-BF4B-00C04F79EFBC}") = "UpdateCreater", "UpdateCreater\UpdateCreater.csproj", "{0B38AED7-F99E-492A-BBD5-EBA98C194E16}"
EndProject
Global
	GlobalSection(SolutionConfigurationPlatforms) = preSolution
		Debug|Any CPU = Debug|Any CPU
		NNV|Any CPU = NNV|Any CPU
		NV|Any CPU = NV|Any CPU
		Release|Any CPU = Release|Any CPU
	EndGlobalSection
	GlobalSection(ProjectConfigurationPlatforms) = postSolution
		{C6C12767-ED9D-48B0-94F1-07B5C63937CA}.Debug|Any CPU.ActiveCfg = Debug|Any CPU
		{C6C12767-ED9D-48B0-94F1-07B5C63937CA}.Debug|Any CPU.Build.0 = Debug|Any CPU
		{C6C12767-ED9D-48B0-94F1-07B5C63937CA}.NNV|Any CPU.ActiveCfg = NNV|Any CPU
		{C6C12767-ED9D-48B0-94F1-07B5C63937CA}.NNV|Any CPU.Build.0 = NNV|Any CPU
		{C6C12767-ED9D-48B0-94F1-07B5C63937CA}.NV|Any CPU.ActiveCfg = NV|Any CPU
		{C6C12767-ED9D-48B0-94F1-07B5C63937CA}.NV|Any CPU.Build.0 = NV|Any CPU
		{C6C12767-ED9D-48B0-94F1-07B5C63937CA}.Release|Any CPU.ActiveCfg = Release|Any CPU
		{C6C12767-ED9D-48B0-94F1-07B5C63937CA}.Release|Any CPU.Build.0 = Release|Any CPU
		{91825A62-676A-4ACA-95D6-5B61D71B455B}.Debug|Any CPU.ActiveCfg = Debug|Any CPU
		{91825A62-676A-4ACA-95D6-5B61D71B455B}.Debug|Any CPU.Build.0 = Debug|Any CPU
		{91825A62-676A-4ACA-95D6-5B61D71B455B}.NNV|Any CPU.ActiveCfg = NNV|Any CPU
		{91825A62-676A-4ACA-95D6-5B61D71B455B}.NNV|Any CPU.Build.0 = NNV|Any CPU
		{91825A62-676A-4ACA-95D6-5B61D71B455B}.NV|Any CPU.ActiveCfg = NV|Any CPU
		{91825A62-676A-4ACA-95D6-5B61D71B455B}.NV|Any CPU.Build.0 = NV|Any CPU
		{91825A62-676A-4ACA-95D6-5B61D71B455B}.Release|Any CPU.ActiveCfg = Release|Any CPU
		{91825A62-676A-4ACA-95D6-5B61D71B455B}.Release|Any CPU.Build.0 = Release|Any CPU
		{7E97CD59-6EB0-4C59-B436-9A92ECC6B6C6}.Debug|Any CPU.ActiveCfg = Debug|Any CPU
		{7E97CD59-6EB0-4C59-B436-9A92ECC6B6C6}.Debug|Any CPU.Build.0 = Debug|Any CPU
		{7E97CD59-6EB0-4C59-B436-9A92ECC6B6C6}.NNV|Any CPU.ActiveCfg = NNV|Any CPU
		{7E97CD59-6EB0-4C59-B436-9A92ECC6B6C6}.NNV|Any CPU.Build.0 = NNV|Any CPU
		{7E97CD59-6EB0-4C59-B436-9A92ECC6B6C6}.NV|Any CPU.ActiveCfg = NV|Any CPU
		{7E97CD59-6EB0-4C59-B436-9A92ECC6B6C6}.NV|Any CPU.Build.0 = NV|Any CPU
		{7E97CD59-6EB0-4C59-B436-9A92ECC6B6C6}.Release|Any CPU.ActiveCfg = Release|Any CPU
		{7E97CD59-6EB0-4C59-B436-9A92ECC6B6C6}.Release|Any CPU.Build.0 = Release|Any CPU
		{F9178BE8-E8E3-4A56-A1D7-8E846B980643}.Debug|Any CPU.ActiveCfg = Debug|Any CPU
		{F9178BE8-E8E3-4A56-A1D7-8E846B980643}.Debug|Any CPU.Build.0 = Debug|Any CPU
		{F9178BE8-E8E3-4A56-A1D7-8E846B980643}.NNV|Any CPU.ActiveCfg = NNV|Any CPU
		{F9178BE8-E8E3-4A56-A1D7-8E846B980643}.NNV|Any CPU.Build.0 = NNV|Any CPU
		{F9178BE8-E8E3-4A56-A1D7-8E846B980643}.NV|Any CPU.ActiveCfg = NV|Any CPU
		{F9178BE8-E8E3-4A56-A1D7-8E846B980643}.NV|Any CPU.Build.0 = NV|Any CPU
		{F9178BE8-E8E3-4A56-A1D7-8E846B980643}.Release|Any CPU.ActiveCfg = Release|Any CPU
		{F9178BE8-E8E3-4A56-A1D7-8E846B980643}.Release|Any CPU.Build.0 = Release|Any CPU
		{A61D89F6-F769-4F03-A758-229D1277786F}.Debug|Any CPU.ActiveCfg = Debug
		{A61D89F6-F769-4F03-A758-229D1277786F}.Debug|Any CPU.Build.0 = Debug
		{A61D89F6-F769-4F03-A758-229D1277786F}.NNV|Any CPU.ActiveCfg = NNV
		{A61D89F6-F769-4F03-A758-229D1277786F}.NNV|Any CPU.Build.0 = NNV
		{A61D89F6-F769-4F03-A758-229D1277786F}.NV|Any CPU.ActiveCfg = NV
		{A61D89F6-F769-4F03-A758-229D1277786F}.NV|Any CPU.Build.0 = NV
		{A61D89F6-F769-4F03-A758-229D1277786F}.Release|Any CPU.ActiveCfg = Release
		{A61D89F6-F769-4F03-A758-229D1277786F}.Release|Any CPU.Build.0 = Release
		{0B38AED7-F99E-492A-BBD5-EBA98C194E16}.Debug|Any CPU.ActiveCfg = Debug|Any CPU
		{0B38AED7-F99E-492A-BBD5-EBA98C194E16}.Debug|Any CPU.Build.0 = Debug|Any CPU
		{0B38AED7-F99E-492A-BBD5-EBA98C194E16}.NNV|Any CPU.ActiveCfg = NNV|Any CPU
		{0B38AED7-F99E-492A-BBD5-EBA98C194E16}.NNV|Any CPU.Build.0 = NNV|Any CPU
		{0B38AED7-F99E-492A-BBD5-EBA98C194E16}.NV|Any CPU.ActiveCfg = NV|Any CPU
		{0B38AED7-F99E-492A-BBD5-EBA98C194E16}.NV|Any CPU.Build.0 = NV|Any CPU
		{0B38AED7-F99E-492A-BBD5-EBA98C194E16}.Release|Any CPU.ActiveCfg = Release|Any CPU
		{0B38AED7-F99E-492A-BBD5-EBA98C194E16}.Release|Any CPU.Build.0 = Release|Any CPU
	EndGlobalSection
	GlobalSection(SolutionProperties) = preSolution
		HideSolutionNode = FALSE
	EndGlobalSection
	GlobalSection(ExtensibilityGlobals) = postSolution
		SolutionGuid = {897BB104-C5C6-4EF9-8004-25F2BE485F67}
	EndGlobalSection
EndGlobal
